
Microsoft Visual Studio Solution File, Format Version 12.00
# Visual Studio Version 17
VisualStudioVersion = 17.11.35431.28
MinimumVisualStudioVersion = 10.0.40219.1
Project("{FAE04EC0-301F-11D3-BF4B-00C04F79EFBC}") = "adoExmapleCRUD", "adoExmapleCRUD\adoExmapleCRUD.csproj", "{9937BF69-0209-4FEF-89D2-13A72746CE62}"
EndProject
Global
	GlobalSection(SolutionConfigurationPlatforms) = preSolution
		Debug|Any CPU = Debug|Any CPU
		Release|Any CPU = Release|Any CPU
	EndGlobalSection
	GlobalSection(ProjectConfigurationPlatforms) = postSolution
		{9937BF69-0209-4FEF-89D2-13A72746CE62}.Debug|Any CPU.ActiveCfg = Debug|Any CPU
		{9937BF69-0209-4FEF-89D2-13A72746CE62}.Debug|Any CPU.Build.0 = Debug|Any CPU
		{9937BF69-0209-4FEF-89D2-13A72746CE62}.Release|Any CPU.ActiveCfg = Release|Any CPU
		{9937BF69-0209-4FEF-89D2-13A72746CE62}.Release|Any CPU.Build.0 = Release|Any CPU
	EndGlobalSection
	GlobalSection(SolutionProperties) = preSolution
		HideSolutionNode = FALSE
	EndGlobalSection
	GlobalSection(ExtensibilityGlobals) = postSolution
		SolutionGuid = {A3E7A5C9-7143-4DAB-BA9D-EFB350B4301F}
	EndGlobalSection
EndGlobal
